// !$*UTF8*$!
{
	archiveVersion = 1;
	classes = {
	};
	objectVersion = 46;
	objects = {

/* Begin PBXBuildFile section */
		ACD2F3D41D3366C100C61355 /* AppDelegate.swift in Sources */ = {isa = PBXBuildFile; fileRef = ACD2F3D31D3366C100C61355 /* AppDelegate.swift */; };
		ACD2F3D61D3366C100C61355 /* ViewController.swift in Sources */ = {isa = PBXBuildFile; fileRef = ACD2F3D51D3366C100C61355 /* ViewController.swift */; };
		ACD2F3D91D3366C100C61355 /* Main.storyboard in Resources */ = {isa = PBXBuildFile; fileRef = ACD2F3D71D3366C100C61355 /* Main.storyboard */; };
		ACD2F3DB1D3366C100C61355 /* Assets.xcassets in Resources */ = {isa = PBXBuildFile; fileRef = ACD2F3DA1D3366C100C61355 /* Assets.xcassets */; };
		ACD2F3DE1D3366C100C61355 /* LaunchScreen.storyboard in Resources */ = {isa = PBXBuildFile; fileRef = ACD2F3DC1D3366C100C61355 /* LaunchScreen.storyboard */; };
		ACD2F3E91D3366C100C61355 /* TippyTests.swift in Sources */ = {isa = PBXBuildFile; fileRef = ACD2F3E81D3366C100C61355 /* TippyTests.swift */; };
		ACD2F3F41D3366C100C61355 /* TippyUITests.swift in Sources */ = {isa = PBXBuildFile; fileRef = ACD2F3F31D3366C100C61355 /* TippyUITests.swift */; };
/* End PBXBuildFile section */

/* Begin PBXContainerItemProxy section */
		ACD2F3E51D3366C100C61355 /* PBXContainerItemProxy */ = {
			isa = PBXContainerItemProxy;
			containerPortal = ACD2F3C81D3366BF00C61355 /* Project object */;
			proxyType = 1;
			remoteGlobalIDString = ACD2F3CF1D3366BF00C61355;
			remoteInfo = Tippy;
		};
		ACD2F3F01D3366C100C61355 /* PBXContainerItemProxy */ = {
			isa = PBXContainerItemProxy;
			containerPortal = ACD2F3C81D3366BF00C61355 /* Project object */;
			proxyType = 1;
			remoteGlobalIDString = ACD2F3CF1D3366BF00C61355;
			remoteInfo = Tippy;
		};
/* End PBXContainerItemProxy section */

/* Begin PBXFileReference section */
		ACD2F3D01D3366BF00C61355 /* Tippy.app */ = {isa = PBXFileReference; explicitFileType = wrapper.application; includeInIndex = 0; path = Tippy.app; sourceTree = BUILT_PRODUCTS_DIR; };
		ACD2F3D31D3366C100C61355 /* AppDelegate.swift */ = {isa = PBXFileReference; lastKnownFileType = sourcecode.swift; path = AppDelegate.swift; sourceTree = "<group>"; };
		ACD2F3D51D3366C100C61355 /* ViewController.swift */ = {isa = PBXFileReference; lastKnownFileType = sourcecode.swift; path = ViewController.swift; sourceTree = "<group>"; };
		ACD2F3D81D3366C100C61355 /* Base */ = {isa = PBXFileReference; lastKnownFileType = file.storyboard; name = Base; path = Base.lproj/Main.storyboard; sourceTree = "<group>"; };
		ACD2F3DA1D3366C100C61355 /* Assets.xcassets */ = {isa = PBXFileReference; lastKnownFileType = folder.assetcatalog; path = Assets.xcassets; sourceTree = "<group>"; };
		ACD2F3DD1D3366C100C61355 /* Base */ = {isa = PBXFileReference; lastKnownFileType = file.storyboard; name = Base; path = Base.lproj/LaunchScreen.storyboard; sourceTree = "<group>"; };
		ACD2F3DF1D3366C100C61355 /* Info.plist */ = {isa = PBXFileReference; lastKnownFileType = text.plist.xml; path = Info.plist; sourceTree = "<group>"; };
		ACD2F3E41D3366C100C61355 /* TippyTests.xctest */ = {isa = PBXFileReference; explicitFileType = wrapper.cfbundle; includeInIndex = 0; path = TippyTests.xctest; sourceTree = BUILT_PRODUCTS_DIR; };
		ACD2F3E81D3366C100C61355 /* TippyTests.swift */ = {isa = PBXFileReference; lastKnownFileType = sourcecode.swift; path = TippyTests.swift; sourceTree = "<group>"; };
		ACD2F3EA1D3366C100C61355 /* Info.plist */ = {isa = PBXFileReference; lastKnownFileType = text.plist.xml; path = Info.plist; sourceTree = "<group>"; };
		ACD2F3EF1D3366C100C61355 /* TippyUITests.xctest */ = {isa = PBXFileReference; explicitFileType = wrapper.cfbundle; includeInIndex = 0; path = TippyUITests.xctest; sourceTree = BUILT_PRODUCTS_DIR; };
		ACD2F3F31D3366C100C61355 /* TippyUITests.swift */ = {isa = PBXFileReference; lastKnownFileType = sourcecode.swift; path = TippyUITests.swift; sourceTree = "<group>"; };
		ACD2F3F51D3366C100C61355 /* Info.plist */ = {isa = PBXFileReference; lastKnownFileType = text.plist.xml; path = Info.plist; sourceTree = "<group>"; };
/* End PBXFileReference section */

/* Begin PBXFrameworksBuildPhase section */
		ACD2F3CD1D3366BF00C61355 /* Frameworks */ = {
			isa = PBXFrameworksBuildPhase;
			buildActionMask = 2147483647;
			files = (
			);
			runOnlyForDeploymentPostprocessing = 0;
		};
		ACD2F3E11D3366C100C61355 /* Frameworks */ = {
			isa = PBXFrameworksBuildPhase;
			buildActionMask = 2147483647;
			files = (
			);
			runOnlyForDeploymentPostprocessing = 0;
		};
		ACD2F3EC1D3366C100C61355 /* Frameworks */ = {
			isa = PBXFrameworksBuildPhase;
			buildActionMask = 2147483647;
			files = (
			);
			runOnlyForDeploymentPostprocessing = 0;
		};
/* End PBXFrameworksBuildPhase section */

/* Begin PBXGroup section */
		ACD2F3C71D3366BF00C61355 = {
			isa = PBXGroup;
			children = (
				ACD2F3D21D3366C100C61355 /* Tippy */,
				ACD2F3E71D3366C100C61355 /* TippyTests */,
				ACD2F3F21D3366C100C61355 /* TippyUITests */,
				ACD2F3D11D3366BF00C61355 /* Products */,
			);
			sourceTree = "<group>";
		};
		ACD2F3D11D3366BF00C61355 /* Products */ = {
			isa = PBXGroup;
			children = (
				ACD2F3D01D3366BF00C61355 /* Tippy.app */,
				ACD2F3E41D3366C100C61355 /* TippyTests.xctest */,
				ACD2F3EF1D3366C100C61355 /* TippyUITests.xctest */,
			);
			name = Products;
			sourceTree = "<group>";
		};
		ACD2F3D21D3366C100C61355 /* Tippy */ = {
			isa = PBXGroup;
			children = (
				ACD2F3D31D3366C100C61355 /* AppDelegate.swift */,
				ACD2F3D51D3366C100C61355 /* ViewController.swift */,
				ACD2F3D71D3366C100C61355 /* Main.storyboard */,
				ACD2F3DA1D3366C100C61355 /* Assets.xcassets */,
				ACD2F3DC1D3366C100C61355 /* LaunchScreen.storyboard */,
				ACD2F3DF1D3366C100C61355 /* Info.plist */,
			);
			path = Tippy;
			sourceTree = "<group>";
		};
		ACD2F3E71D3366C100C61355 /* TippyTests */ = {
			isa = PBXGroup;
			children = (
				ACD2F3E81D3366C100C61355 /* TippyTests.swift */,
				ACD2F3EA1D3366C100C61355 /* Info.plist */,
			);
			path = TippyTests;
			sourceTree = "<group>";
		};
		ACD2F3F21D3366C100C61355 /* TippyUITests */ = {
			isa = PBXGroup;
			children = (
				ACD2F3F31D3366C100C61355 /* TippyUITests.swift */,
				ACD2F3F51D3366C100C61355 /* Info.plist */,
			);
			path = TippyUITests;
			sourceTree = "<group>";
		};
/* End PBXGroup section */

/* Begin PBXNativeTarget section */
		ACD2F3CF1D3366BF00C61355 /* Tippy */ = {
			isa = PBXNativeTarget;
			buildConfigurationList = ACD2F3F81D3366C100C61355 /* Build configuration list for PBXNativeTarget "Tippy" */;
			buildPhases = (
				ACD2F3CC1D3366BF00C61355 /* Sources */,
				ACD2F3CD1D3366BF00C61355 /* Frameworks */,
				ACD2F3CE1D3366BF00C61355 /* Resources */,
			);
			buildRules = (
			);
			dependencies = (
			);
			name = Tippy;
			productName = Tippy;
			productReference = ACD2F3D01D3366BF00C61355 /* Tippy.app */;
			productType = "com.apple.product-type.application";
		};
		ACD2F3E31D3366C100C61355 /* TippyTests */ = {
			isa = PBXNativeTarget;
			buildConfigurationList = ACD2F3FB1D3366C100C61355 /* Build configuration list for PBXNativeTarget "TippyTests" */;
			buildPhases = (
				ACD2F3E01D3366C100C61355 /* Sources */,
				ACD2F3E11D3366C100C61355 /* Frameworks */,
				ACD2F3E21D3366C100C61355 /* Resources */,
			);
			buildRules = (
			);
			dependencies = (
				ACD2F3E61D3366C100C61355 /* PBXTargetDependency */,
			);
			name = TippyTests;
			productName = TippyTests;
			productReference = ACD2F3E41D3366C100C61355 /* TippyTests.xctest */;
			productType = "com.apple.product-type.bundle.unit-test";
		};
		ACD2F3EE1D3366C100C61355 /* TippyUITests */ = {
			isa = PBXNativeTarget;
			buildConfigurationList = ACD2F3FE1D3366C100C61355 /* Build configuration list for PBXNativeTarget "TippyUITests" */;
			buildPhases = (
				ACD2F3EB1D3366C100C61355 /* Sources */,
				ACD2F3EC1D3366C100C61355 /* Frameworks */,
				ACD2F3ED1D3366C100C61355 /* Resources */,
			);
			buildRules = (
			);
			dependencies = (
				ACD2F3F11D3366C100C61355 /* PBXTargetDependency */,
			);
			name = TippyUITests;
			productName = TippyUITests;
			productReference = ACD2F3EF1D3366C100C61355 /* TippyUITests.xctest */;
			productType = "com.apple.product-type.bundle.ui-testing";
		};
/* End PBXNativeTarget section */

/* Begin PBXProject section */
		ACD2F3C81D3366BF00C61355 /* Project object */ = {
			isa = PBXProject;
			attributes = {
				LastSwiftUpdateCheck = 0730;
				LastUpgradeCheck = 0730;
				ORGANIZATIONNAME = "Carina Boo";
				TargetAttributes = {
					ACD2F3CF1D3366BF00C61355 = {
						CreatedOnToolsVersion = 7.3.1;
					};
					ACD2F3E31D3366C100C61355 = {
						CreatedOnToolsVersion = 7.3.1;
						TestTargetID = ACD2F3CF1D3366BF00C61355;
					};
					ACD2F3EE1D3366C100C61355 = {
						CreatedOnToolsVersion = 7.3.1;
						TestTargetID = ACD2F3CF1D3366BF00C61355;
					};
				};
			};
			buildConfigurationList = ACD2F3CB1D3366BF00C61355 /* Build configuration list for PBXProject "Tippy" */;
			compatibilityVersion = "Xcode 3.2";
			developmentRegion = English;
			hasScannedForEncodings = 0;
			knownRegions = (
				en,
				Base,
			);
			mainGroup = ACD2F3C71D3366BF00C61355;
			productRefGroup = ACD2F3D11D3366BF00C61355 /* Products */;
			projectDirPath = "";
			projectRoot = "";
			targets = (
				ACD2F3CF1D3366BF00C61355 /* Tippy */,
				ACD2F3E31D3366C100C61355 /* TippyTests */,
				ACD2F3EE1D3366C100C61355 /* TippyUITests */,
			);
		};
/* End PBXProject section */

/* Begin PBXResourcesBuildPhase section */
		ACD2F3CE1D3366BF00C61355 /* Resources */ = {
			isa = PBXResourcesBuildPhase;
			buildActionMask = 2147483647;
			files = (
				ACD2F3DE1D3366C100C61355 /* LaunchScreen.storyboard in Resources */,
				ACD2F3DB1D3366C100C61355 /* Assets.xcassets in Resources */,
				ACD2F3D91D3366C100C61355 /* Main.storyboard in Resources */,
			);
			runOnlyForDeploymentPostprocessing = 0;
		};
		ACD2F3E21D3366C100C61355 /* Resources */ = {
			isa = PBXResourcesBuildPhase;
			buildActionMask = 2147483647;
			files = (
			);
			runOnlyForDeploymentPostprocessing = 0;
		};
		ACD2F3ED1D3366C100C61355 /* Resources */ = {
			isa = PBXResourcesBuildPhase;
			buildActionMask = 2147483647;
			files = (
			);
			runOnlyForDeploymentPostprocessing = 0;
		};
/* End PBXResourcesBuildPhase section */

/* Begin PBXSourcesBuildPhase section */
		ACD2F3CC1D3366BF00C61355 /* Sources */ = {
			isa = PBXSourcesBuildPhase;
			buildActionMask = 2147483647;
			files = (
				ACD2F3D61D3366C100C61355 /* ViewController.swift in Sources */,
				ACD2F3D41D3366C100C61355 /* AppDelegate.swift in Sources */,
			);
			runOnlyForDeploymentPostprocessing = 0;
		};
		ACD2F3E01D3366C100C61355 /* Sources */ = {
			isa = PBXSourcesBuildPhase;
			buildActionMask = 2147483647;
			files = (
				ACD2F3E91D3366C100C61355 /* TippyTests.swift in Sources */,
			);
			runOnlyForDeploymentPostprocessing = 0;
		};
		ACD2F3EB1D3366C100C61355 /* Sources */ = {
			isa = PBXSourcesBuildPhase;
			buildActionMask = 2147483647;
			files = (
				ACD2F3F41D3366C100C61355 /* TippyUITests.swift in Sources */,
			);
			runOnlyForDeploymentPostprocessing = 0;
		};
/* End PBXSourcesBuildPhase section */

/* Begin PBXTargetDependency section */
		ACD2F3E61D3366C100C61355 /* PBXTargetDependency */ = {
			isa = PBXTargetDependency;
			target = ACD2F3CF1D3366BF00C61355 /* Tippy */;
			targetProxy = ACD2F3E51D3366C100C61355 /* PBXContainerItemProxy */;
		};
		ACD2F3F11D3366C100C61355 /* PBXTargetDependency */ = {
			isa = PBXTargetDependency;
			target = ACD2F3CF1D3366BF00C61355 /* Tippy */;
			targetProxy = ACD2F3F01D3366C100C61355 /* PBXContainerItemProxy */;
		};
/* End PBXTargetDependency section */

/* Begin PBXVariantGroup section */
		ACD2F3D71D3366C100C61355 /* Main.storyboard */ = {
			isa = PBXVariantGroup;
			children = (
				ACD2F3D81D3366C100C61355 /* Base */,
			);
			name = Main.storyboard;
			sourceTree = "<group>";
		};
		ACD2F3DC1D3366C100C61355 /* LaunchScreen.storyboard */ = {
			isa = PBXVariantGroup;
			children = (
				ACD2F3DD1D3366C100C61355 /* Base */,
			);
			name = LaunchScreen.storyboard;
			sourceTree = "<group>";
		};
/* End PBXVariantGroup section */

/* Begin XCBuildConfiguration section */
		ACD2F3F61D3366C100C61355 /* Debug */ = {
			isa = XCBuildConfiguration;
			buildSettings = {
				ALWAYS_SEARCH_USER_PATHS = NO;
				CLANG_ANALYZER_NONNULL = YES;
				CLANG_CXX_LANGUAGE_STANDARD = "gnu++0x";
				CLANG_CXX_LIBRARY = "libc++";
				CLANG_ENABLE_MODULES = YES;
				CLANG_ENABLE_OBJC_ARC = YES;
				CLANG_WARN_BOOL_CONVERSION = YES;
				CLANG_WARN_CONSTANT_CONVERSION = YES;
				CLANG_WARN_DIRECT_OBJC_ISA_USAGE = YES_ERROR;
				CLANG_WARN_EMPTY_BODY = YES;
				CLANG_WARN_ENUM_CONVERSION = YES;
				CLANG_WARN_INT_CONVERSION = YES;
				CLANG_WARN_OBJC_ROOT_CLASS = YES_ERROR;
				CLANG_WARN_UNREACHABLE_CODE = YES;
				CLANG_WARN__DUPLICATE_METHOD_MATCH = YES;
				"CODE_SIGN_IDENTITY[sdk=iphoneos*]" = "iPhone Developer";
				COPY_PHASE_STRIP = NO;
				DEBUG_INFORMATION_FORMAT = dwarf;
				ENABLE_STRICT_OBJC_MSGSEND = YES;
				ENABLE_TESTABILITY = YES;
				GCC_C_LANGUAGE_STANDARD = gnu99;
				GCC_DYNAMIC_NO_PIC = NO;
				GCC_NO_COMMON_BLOCKS = YES;
				GCC_OPTIMIZATION_LEVEL = 0;
				GCC_PREPROCESSOR_DEFINITIONS = (
					"DEBUG=1",
					"$(inherited)",
				);
				GCC_WARN_64_TO_32_BIT_CONVERSION = YES;
				GCC_WARN_ABOUT_RETURN_TYPE = YES_ERROR;
				GCC_WARN_UNDECLARED_SELECTOR = YES;
				GCC_WARN_UNINITIALIZED_AUTOS = YES_AGGRESSIVE;
				GCC_WARN_UNUSED_FUNCTION = YES;
				GCC_WARN_UNUSED_VARIABLE = YES;
				IPHONEOS_DEPLOYMENT_TARGET = 9.3;
				MTL_ENABLE_DEBUG_INFO = YES;
				ONLY_ACTIVE_ARCH = YES;
				SDKROOT = iphoneos;
				SWIFT_OPTIMIZATION_LEVEL = "-Onone";
			};
			name = Debug;
		};
		ACD2F3F71D3366C100C61355 /* Release */ = {
			isa = XCBuildConfiguration;
			buildSettings = {
				ALWAYS_SEARCH_USER_PATHS = NO;
				CLANG_ANALYZER_NONNULL = YES;
				CLANG_CXX_LANGUAGE_STANDARD = "gnu++0x";
				CLANG_CXX_LIBRARY = "libc++";
				CLANG_ENABLE_MODULES = YES;
				CLANG_ENABLE_OBJC_ARC = YES;
				CLANG_WARN_BOOL_CONVERSION = YES;
				CLANG_WARN_CONSTANT_CONVERSION = YES;
				CLANG_WARN_DIRECT_OBJC_ISA_USAGE = YES_ERROR;
				CLANG_WARN_EMPTY_BODY = YES;
				CLANG_WARN_ENUM_CONVERSION = YES;
				CLANG_WARN_INT_CONVERSION = YES;
				CLANG_WARN_OBJC_ROOT_CLASS = YES_ERROR;
				CLANG_WARN_UNREACHABLE_CODE = YES;
				CLANG_WARN__DUPLICATE_METHOD_MATCH = YES;
				"CODE_SIGN_IDENTITY[sdk=iphoneos*]" = "iPhone Developer";
				COPY_PHASE_STRIP = NO;
				DEBUG_INFORMATION_FORMAT = "dwarf-with-dsym";
				ENABLE_NS_ASSERTIONS = NO;
				ENABLE_STRICT_OBJC_MSGSEND = YES;
				GCC_C_LANGUAGE_STANDARD = gnu99;
				GCC_NO_COMMON_BLOCKS = YES;
				GCC_WARN_64_TO_32_BIT_CONVERSION = YES;
				GCC_WARN_ABOUT_RETURN_TYPE = YES_ERROR;
				GCC_WARN_UNDECLARED_SELECTOR = YES;
				GCC_WARN_UNINITIALIZED_AUTOS = YES_AGGRESSIVE;
				GCC_WARN_UNUSED_FUNCTION = YES;
				GCC_WARN_UNUSED_VARIABLE = YES;
				IPHONEOS_DEPLOYMENT_TARGET = 9.3;
				MTL_ENABLE_DEBUG_INFO = NO;
				SDKROOT = iphoneos;
				VALIDATE_PRODUCT = YES;
			};
			name = Release;
		};
		ACD2F3F91D3366C100C61355 /* Debug */ = {
			isa = XCBuildConfiguration;
			buildSettings = {
				ASSETCATALOG_COMPILER_APPICON_NAME = AppIcon;
				INFOPLIST_FILE = Tippy/Info.plist;
				LD_RUNPATH_SEARCH_PATHS = "$(inherited) @executable_path/Frameworks";
				PRODUCT_BUNDLE_IDENTIFIER = com.carinaboo.Tippy;
				PRODUCT_NAME = "$(TARGET_NAME)";
			};
			name = Debug;
		};
		ACD2F3FA1D3366C100C61355 /* Release */ = {
			isa = XCBuildConfiguration;
			buildSettings = {
				ASSETCATALOG_COMPILER_APPICON_NAME = AppIcon;
				INFOPLIST_FILE = Tippy/Info.plist;
				LD_RUNPATH_SEARCH_PATHS = "$(inherited) @executable_path/Frameworks";
				PRODUCT_BUNDLE_IDENTIFIER = com.carinaboo.Tippy;
				PRODUCT_NAME = "$(TARGET_NAME)";
			};
			name = Release;
		};
		ACD2F3FC1D3366C100C61355 /* Debug */ = {
			isa = XCBuildConfiguration;
			buildSettings = {
				BUNDLE_LOADER = "$(TEST_HOST)";
				INFOPLIST_FILE = TippyTests/Info.plist;
				LD_RUNPATH_SEARCH_PATHS = "$(inherited) @executable_path/Frameworks @loader_path/Frameworks";
				PRODUCT_BUNDLE_IDENTIFIER = com.carinaboo.TippyTests;
				PRODUCT_NAME = "$(TARGET_NAME)";
				TEST_HOST = "$(BUILT_PRODUCTS_DIR)/Tippy.app/Tippy";
			};
			name = Debug;
		};
		ACD2F3FD1D3366C100C61355 /* Release */ = {
			isa = XCBuildConfiguration;
			buildSettings = {
				BUNDLE_LOADER = "$(TEST_HOST)";
				INFOPLIST_FILE = TippyTests/Info.plist;
				LD_RUNPATH_SEARCH_PATHS = "$(inherited) @executable_path/Frameworks @loader_path/Frameworks";
				PRODUCT_BUNDLE_IDENTIFIER = com.carinaboo.TippyTests;
				PRODUCT_NAME = "$(TARGET_NAME)";
				TEST_HOST = "$(BUILT_PRODUCTS_DIR)/Tippy.app/Tippy";
			};
			name = Release;
		};
		ACD2F3FF1D3366C100C61355 /* Debug */ = {
			isa = XCBuildConfiguration;
			buildSettings = {
				INFOPLIST_FILE = TippyUITests/Info.plist;
				LD_RUNPATH_SEARCH_PATHS = "$(inherited) @executable_path/Frameworks @loader_path/Frameworks";
				PRODUCT_BUNDLE_IDENTIFIER = com.carinaboo.TippyUITests;
				PRODUCT_NAME = "$(TARGET_NAME)";
				TEST_TARGET_NAME = Tippy;
			};
			name = Debug;
		};
		ACD2F4001D3366C100C61355 /* Release */ = {
			isa = XCBuildConfiguration;
			buildSettings = {
				INFOPLIST_FILE = TippyUITests/Info.plist;
				LD_RUNPATH_SEARCH_PATHS = "$(inherited) @executable_path/Frameworks @loader_path/Frameworks";
				PRODUCT_BUNDLE_IDENTIFIER = com.carinaboo.TippyUITests;
				PRODUCT_NAME = "$(TARGET_NAME)";
				TEST_TARGET_NAME = Tippy;
			};
			name = Release;
		};
/* End XCBuildConfiguration section */

/* Begin XCConfigurationList section */
		ACD2F3CB1D3366BF00C61355 /* Build configuration list for PBXProject "Tippy" */ = {
			isa = XCConfigurationList;
			buildConfigurations = (
				ACD2F3F61D3366C100C61355 /* Debug */,
				ACD2F3F71D3366C100C61355 /* Release */,
			);
			defaultConfigurationIsVisible = 0;
			defaultConfigurationName = Release;
		};
		ACD2F3F81D3366C100C61355 /* Build configuration list for PBXNativeTarget "Tippy" */ = {
			isa = XCConfigurationList;
			buildConfigurations = (
				ACD2F3F91D3366C100C61355 /* Debug */,
				ACD2F3FA1D3366C100C61355 /* Release */,
			);
			defaultConfigurationIsVisible = 0;
		};
		ACD2F3FB1D3366C100C61355 /* Build configuration list for PBXNativeTarget "TippyTests" */ = {
			isa = XCConfigurationList;
			buildConfigurations = (
				ACD2F3FC1D3366C100C61355 /* Debug */,
				ACD2F3FD1D3366C100C61355 /* Release */,
			);
			defaultConfigurationIsVisible = 0;
		};
		ACD2F3FE1D3366C100C61355 /* Build configuration list for PBXNativeTarget "TippyUITests" */ = {
			isa = XCConfigurationList;
			buildConfigurations = (
				ACD2F3FF1D3366C100C61355 /* Debug */,
				ACD2F4001D3366C100C61355 /* Release */,
			);
			defaultConfigurationIsVisible = 0;
		};
/* End XCConfigurationList section */
	};
	rootObject = ACD2F3C81D3366BF00C61355 /* Project object */;
}
